// !$*UTF8*$!
{
	archiveVersion = 1;
	classes = {
	};
	objectVersion = 56;
	objects = {

/* Begin PBXBuildFile section */
		AA9F4A9F2D91234300F4543A /* AppDelegate.swift in Sources */ = {isa = PBXBuildFile; fileRef = AA9F4A9E2D91234300F4543A /* AppDelegate.swift */; };
		AA9F4AA12D91234300F4543A /* SceneDelegate.swift in Sources */ = {isa = PBXBuildFile; fileRef = AA9F4AA02D91234300F4543A /* SceneDelegate.swift */; };
		AA9F4AA62D91234300F4543A /* Main.storyboard in Resources */ = {isa = PBXBuildFile; fileRef = AA9F4AA42D91234300F4543A /* Main.storyboard */; };
		AA9F4AA82D91234500F4543A /* Assets.xcassets in Resources */ = {isa = PBXBuildFile; fileRef = AA9F4AA72D91234500F4543A /* Assets.xcassets */; };
		AA9F4AAB2D91234500F4543A /* LaunchScreen.storyboard in Resources */ = {isa = PBXBuildFile; fileRef = AA9F4AA92D91234500F4543A /* LaunchScreen.storyboard */; };
		AA9F4AB62D91234600F4543A /* sampleTests.swift in Sources */ = {isa = PBXBuildFile; fileRef = AA9F4AB52D91234600F4543A /* sampleTests.swift */; };
		AA9F4AC02D91234600F4543A /* sampleUITests.swift in Sources */ = {isa = PBXBuildFile; fileRef = AA9F4ABF2D91234600F4543A /* sampleUITests.swift */; };
		AA9F4AC22D91234600F4543A /* sampleUITestsLaunchTests.swift in Sources */ = {isa = PBXBuildFile; fileRef = AA9F4AC12D91234600F4543A /* sampleUITestsLaunchTests.swift */; };
		AA9F4ACF2D91259B00F4543A /* FoodViewController.swift in Sources */ = {isa = PBXBuildFile; fileRef = AA9F4ACE2D91259B00F4543A /* FoodViewController.swift */; };
		AA9F4AD12D913A4B00F4543A /* MenuViewController.swift in Sources */ = {isa = PBXBuildFile; fileRef = AA9F4AD02D913A4B00F4543A /* MenuViewController.swift */; };
		AA9F4AD32D91526500F4543A /* OptionViewController.swift in Sources */ = {isa = PBXBuildFile; fileRef = AA9F4AD22D91526400F4543A /* OptionViewController.swift */; };
		AAF439212D929CD000CFC4A7 /* PaymentViewController.swift in Sources */ = {isa = PBXBuildFile; fileRef = AAF439202D929CD000CFC4A7 /* PaymentViewController.swift */; };
/* End PBXBuildFile section */

/* Begin PBXContainerItemProxy section */
		AA9F4AB22D91234600F4543A /* PBXContainerItemProxy */ = {
			isa = PBXContainerItemProxy;
			containerPortal = AA9F4A932D91234300F4543A /* Project object */;
			proxyType = 1;
			remoteGlobalIDString = AA9F4A9A2D91234300F4543A;
			remoteInfo = sample;
		};
		AA9F4ABC2D91234600F4543A /* PBXContainerItemProxy */ = {
			isa = PBXContainerItemProxy;
			containerPortal = AA9F4A932D91234300F4543A /* Project object */;
			proxyType = 1;
			remoteGlobalIDString = AA9F4A9A2D91234300F4543A;
			remoteInfo = sample;
		};
/* End PBXContainerItemProxy section */

/* Begin PBXFileReference section */
		AA9F4A9B2D91234300F4543A /* sample.app */ = {isa = PBXFileReference; explicitFileType = wrapper.application; includeInIndex = 0; path = sample.app; sourceTree = BUILT_PRODUCTS_DIR; };
		AA9F4A9E2D91234300F4543A /* AppDelegate.swift */ = {isa = PBXFileReference; lastKnownFileType = sourcecode.swift; path = AppDelegate.swift; sourceTree = "<group>"; };
		AA9F4AA02D91234300F4543A /* SceneDelegate.swift */ = {isa = PBXFileReference; lastKnownFileType = sourcecode.swift; path = SceneDelegate.swift; sourceTree = "<group>"; };
		AA9F4AA52D91234300F4543A /* Base */ = {isa = PBXFileReference; lastKnownFileType = file.storyboard; name = Base; path = Base.lproj/Main.storyboard; sourceTree = "<group>"; };
		AA9F4AA72D91234500F4543A /* Assets.xcassets */ = {isa = PBXFileReference; lastKnownFileType = folder.assetcatalog; path = Assets.xcassets; sourceTree = "<group>"; };
		AA9F4AAA2D91234500F4543A /* Base */ = {isa = PBXFileReference; lastKnownFileType = file.storyboard; name = Base; path = Base.lproj/LaunchScreen.storyboard; sourceTree = "<group>"; };
		AA9F4AAC2D91234500F4543A /* Info.plist */ = {isa = PBXFileReference; lastKnownFileType = text.plist.xml; path = Info.plist; sourceTree = "<group>"; };
		AA9F4AB12D91234600F4543A /* sampleTests.xctest */ = {isa = PBXFileReference; explicitFileType = wrapper.cfbundle; includeInIndex = 0; path = sampleTests.xctest; sourceTree = BUILT_PRODUCTS_DIR; };
		AA9F4AB52D91234600F4543A /* sampleTests.swift */ = {isa = PBXFileReference; lastKnownFileType = sourcecode.swift; path = sampleTests.swift; sourceTree = "<group>"; };
		AA9F4ABB2D91234600F4543A /* sampleUITests.xctest */ = {isa = PBXFileReference; explicitFileType = wrapper.cfbundle; includeInIndex = 0; path = sampleUITests.xctest; sourceTree = BUILT_PRODUCTS_DIR; };
		AA9F4ABF2D91234600F4543A /* sampleUITests.swift */ = {isa = PBXFileReference; lastKnownFileType = sourcecode.swift; path = sampleUITests.swift; sourceTree = "<group>"; };
		AA9F4AC12D91234600F4543A /* sampleUITestsLaunchTests.swift */ = {isa = PBXFileReference; lastKnownFileType = sourcecode.swift; path = sampleUITestsLaunchTests.swift; sourceTree = "<group>"; };
		AA9F4ACE2D91259B00F4543A /* FoodViewController.swift */ = {isa = PBXFileReference; lastKnownFileType = sourcecode.swift; path = FoodViewController.swift; sourceTree = "<group>"; };
		AA9F4AD02D913A4B00F4543A /* MenuViewController.swift */ = {isa = PBXFileReference; lastKnownFileType = sourcecode.swift; path = MenuViewController.swift; sourceTree = "<group>"; };
		AA9F4AD22D91526400F4543A /* OptionViewController.swift */ = {isa = PBXFileReference; lastKnownFileType = sourcecode.swift; path = OptionViewController.swift; sourceTree = "<group>"; };
		AAF439202D929CD000CFC4A7 /* PaymentViewController.swift */ = {isa = PBXFileReference; lastKnownFileType = sourcecode.swift; path = PaymentViewController.swift; sourceTree = "<group>"; };
/* End PBXFileReference section */

/* Begin PBXFrameworksBuildPhase section */
		AA9F4A982D91234300F4543A /* Frameworks */ = {
			isa = PBXFrameworksBuildPhase;
			buildActionMask = 2147483647;
			files = (
			);
			runOnlyForDeploymentPostprocessing = 0;
		};
		AA9F4AAE2D91234600F4543A /* Frameworks */ = {
			isa = PBXFrameworksBuildPhase;
			buildActionMask = 2147483647;
			files = (
			);
			runOnlyForDeploymentPostprocessing = 0;
		};
		AA9F4AB82D91234600F4543A /* Frameworks */ = {
			isa = PBXFrameworksBuildPhase;
			buildActionMask = 2147483647;
			files = (
			);
			runOnlyForDeploymentPostprocessing = 0;
		};
/* End PBXFrameworksBuildPhase section */

/* Begin PBXGroup section */
		AA9F4A922D91234300F4543A = {
			isa = PBXGroup;
			children = (
				AA9F4A9D2D91234300F4543A /* sample */,
				AA9F4AB42D91234600F4543A /* sampleTests */,
				AA9F4ABE2D91234600F4543A /* sampleUITests */,
				AA9F4A9C2D91234300F4543A /* Products */,
			);
			sourceTree = "<group>";
		};
		AA9F4A9C2D91234300F4543A /* Products */ = {
			isa = PBXGroup;
			children = (
				AA9F4A9B2D91234300F4543A /* sample.app */,
				AA9F4AB12D91234600F4543A /* sampleTests.xctest */,
				AA9F4ABB2D91234600F4543A /* sampleUITests.xctest */,
			);
			name = Products;
			sourceTree = "<group>";
		};
		AA9F4A9D2D91234300F4543A /* sample */ = {
			isa = PBXGroup;
			children = (
				AA9F4A9E2D91234300F4543A /* AppDelegate.swift */,
				AA9F4AA02D91234300F4543A /* SceneDelegate.swift */,
				AA9F4AA42D91234300F4543A /* Main.storyboard */,
				AA9F4AA72D91234500F4543A /* Assets.xcassets */,
				AA9F4AA92D91234500F4543A /* LaunchScreen.storyboard */,
				AA9F4AAC2D91234500F4543A /* Info.plist */,
				AA9F4ACE2D91259B00F4543A /* FoodViewController.swift */,
				AA9F4AD02D913A4B00F4543A /* MenuViewController.swift */,
				AA9F4AD22D91526400F4543A /* OptionViewController.swift */,
				AAF439202D929CD000CFC4A7 /* PaymentViewController.swift */,
			);
			path = sample;
			sourceTree = "<group>";
		};
		AA9F4AB42D91234600F4543A /* sampleTests */ = {
			isa = PBXGroup;
			children = (
				AA9F4AB52D91234600F4543A /* sampleTests.swift */,
			);
			path = sampleTests;
			sourceTree = "<group>";
		};
		AA9F4ABE2D91234600F4543A /* sampleUITests */ = {
			isa = PBXGroup;
			children = (
				AA9F4ABF2D91234600F4543A /* sampleUITests.swift */,
				AA9F4AC12D91234600F4543A /* sampleUITestsLaunchTests.swift */,
			);
			path = sampleUITests;
			sourceTree = "<group>";
		};
/* End PBXGroup section */

/* Begin PBXNativeTarget section */
		AA9F4A9A2D91234300F4543A /* sample */ = {
			isa = PBXNativeTarget;
			buildConfigurationList = AA9F4AC52D91234600F4543A /* Build configuration list for PBXNativeTarget "sample" */;
			buildPhases = (
				AA9F4A972D91234300F4543A /* Sources */,
				AA9F4A982D91234300F4543A /* Frameworks */,
				AA9F4A992D91234300F4543A /* Resources */,
			);
			buildRules = (
			);
			dependencies = (
			);
			name = sample;
			productName = sample;
			productReference = AA9F4A9B2D91234300F4543A /* sample.app */;
			productType = "com.apple.product-type.application";
		};
		AA9F4AB02D91234600F4543A /* sampleTests */ = {
			isa = PBXNativeTarget;
			buildConfigurationList = AA9F4AC82D91234600F4543A /* Build configuration list for PBXNativeTarget "sampleTests" */;
			buildPhases = (
				AA9F4AAD2D91234600F4543A /* Sources */,
				AA9F4AAE2D91234600F4543A /* Frameworks */,
				AA9F4AAF2D91234600F4543A /* Resources */,
			);
			buildRules = (
			);
			dependencies = (
				AA9F4AB32D91234600F4543A /* PBXTargetDependency */,
			);
			name = sampleTests;
			productName = sampleTests;
			productReference = AA9F4AB12D91234600F4543A /* sampleTests.xctest */;
			productType = "com.apple.product-type.bundle.unit-test";
		};
		AA9F4ABA2D91234600F4543A /* sampleUITests */ = {
			isa = PBXNativeTarget;
			buildConfigurationList = AA9F4ACB2D91234600F4543A /* Build configuration list for PBXNativeTarget "sampleUITests" */;
			buildPhases = (
				AA9F4AB72D91234600F4543A /* Sources */,
				AA9F4AB82D91234600F4543A /* Frameworks */,
				AA9F4AB92D91234600F4543A /* Resources */,
			);
			buildRules = (
			);
			dependencies = (
				AA9F4ABD2D91234600F4543A /* PBXTargetDependency */,
			);
			name = sampleUITests;
			productName = sampleUITests;
			productReference = AA9F4ABB2D91234600F4543A /* sampleUITests.xctest */;
			productType = "com.apple.product-type.bundle.ui-testing";
		};
/* End PBXNativeTarget section */

/* Begin PBXProject section */
		AA9F4A932D91234300F4543A /* Project object */ = {
			isa = PBXProject;
			attributes = {
				BuildIndependentTargetsInParallel = 1;
				LastSwiftUpdateCheck = 1420;
				LastUpgradeCheck = 1420;
				TargetAttributes = {
					AA9F4A9A2D91234300F4543A = {
						CreatedOnToolsVersion = 14.2;
					};
					AA9F4AB02D91234600F4543A = {
						CreatedOnToolsVersion = 14.2;
						TestTargetID = AA9F4A9A2D91234300F4543A;
					};
					AA9F4ABA2D91234600F4543A = {
						CreatedOnToolsVersion = 14.2;
						TestTargetID = AA9F4A9A2D91234300F4543A;
					};
				};
			};
			buildConfigurationList = AA9F4A962D91234300F4543A /* Build configuration list for PBXProject "sample" */;
			compatibilityVersion = "Xcode 14.0";
			developmentRegion = en;
			hasScannedForEncodings = 0;
			knownRegions = (
				en,
				Base,
			);
			mainGroup = AA9F4A922D91234300F4543A;
			productRefGroup = AA9F4A9C2D91234300F4543A /* Products */;
			projectDirPath = "";
			projectRoot = "";
			targets = (
				AA9F4A9A2D91234300F4543A /* sample */,
				AA9F4AB02D91234600F4543A /* sampleTests */,
				AA9F4ABA2D91234600F4543A /* sampleUITests */,
			);
		};
/* End PBXProject section */

/* Begin PBXResourcesBuildPhase section */
		AA9F4A992D91234300F4543A /* Resources */ = {
			isa = PBXResourcesBuildPhase;
			buildActionMask = 2147483647;
			files = (
				AA9F4AAB2D91234500F4543A /* LaunchScreen.storyboard in Resources */,
				AA9F4AA82D91234500F4543A /* Assets.xcassets in Resources */,
				AA9F4AA62D91234300F4543A /* Main.storyboard in Resources */,
			);
			runOnlyForDeploymentPostprocessing = 0;
		};
		AA9F4AAF2D91234600F4543A /* Resources */ = {
			isa = PBXResourcesBuildPhase;
			buildActionMask = 2147483647;
			files = (
			);
			runOnlyForDeploymentPostprocessing = 0;
		};
		AA9F4AB92D91234600F4543A /* Resources */ = {
			isa = PBXResourcesBuildPhase;
			buildActionMask = 2147483647;
			files = (
			);
			runOnlyForDeploymentPostprocessing = 0;
		};
/* End PBXResourcesBuildPhase section */

/* Begin PBXSourcesBuildPhase section */
		AA9F4A972D91234300F4543A /* Sources */ = {
			isa = PBXSourcesBuildPhase;
			buildActionMask = 2147483647;
			files = (
				AA9F4A9F2D91234300F4543A /* AppDelegate.swift in Sources */,
				AAF439212D929CD000CFC4A7 /* PaymentViewController.swift in Sources */,
				AA9F4AD32D91526500F4543A /* OptionViewController.swift in Sources */,
				AA9F4ACF2D91259B00F4543A /* FoodViewController.swift in Sources */,
				AA9F4AA12D91234300F4543A /* SceneDelegate.swift in Sources */,
				AA9F4AD12D913A4B00F4543A /* MenuViewController.swift in Sources */,
			);
			runOnlyForDeploymentPostprocessing = 0;
		};
		AA9F4AAD2D91234600F4543A /* Sources */ = {
			isa = PBXSourcesBuildPhase;
			buildActionMask = 2147483647;
			files = (
				AA9F4AB62D91234600F4543A /* sampleTests.swift in Sources */,
			);
			runOnlyForDeploymentPostprocessing = 0;
		};
		AA9F4AB72D91234600F4543A /* Sources */ = {
			isa = PBXSourcesBuildPhase;
			buildActionMask = 2147483647;
			files = (
				AA9F4AC22D91234600F4543A /* sampleUITestsLaunchTests.swift in Sources */,
				AA9F4AC02D91234600F4543A /* sampleUITests.swift in Sources */,
			);
			runOnlyForDeploymentPostprocessing = 0;
		};
/* End PBXSourcesBuildPhase section */

/* Begin PBXTargetDependency section */
		AA9F4AB32D91234600F4543A /* PBXTargetDependency */ = {
			isa = PBXTargetDependency;
			target = AA9F4A9A2D91234300F4543A /* sample */;
			targetProxy = AA9F4AB22D91234600F4543A /* PBXContainerItemProxy */;
		};
		AA9F4ABD2D91234600F4543A /* PBXTargetDependency */ = {
			isa = PBXTargetDependency;
			target = AA9F4A9A2D91234300F4543A /* sample */;
			targetProxy = AA9F4ABC2D91234600F4543A /* PBXContainerItemProxy */;
		};
/* End PBXTargetDependency section */

/* Begin PBXVariantGroup section */
		AA9F4AA42D91234300F4543A /* Main.storyboard */ = {
			isa = PBXVariantGroup;
			children = (
				AA9F4AA52D91234300F4543A /* Base */,
			);
			name = Main.storyboard;
			sourceTree = "<group>";
		};
		AA9F4AA92D91234500F4543A /* LaunchScreen.storyboard */ = {
			isa = PBXVariantGroup;
			children = (
				AA9F4AAA2D91234500F4543A /* Base */,
			);
			name = LaunchScreen.storyboard;
			sourceTree = "<group>";
		};
/* End PBXVariantGroup section */

/* Begin XCBuildConfiguration section */
		AA9F4AC32D91234600F4543A /* Debug */ = {
			isa = XCBuildConfiguration;
			buildSettings = {
				ALWAYS_SEARCH_USER_PATHS = NO;
				CLANG_ANALYZER_NONNULL = YES;
				CLANG_ANALYZER_NUMBER_OBJECT_CONVERSION = YES_AGGRESSIVE;
				CLANG_CXX_LANGUAGE_STANDARD = "gnu++20";
				CLANG_ENABLE_MODULES = YES;
				CLANG_ENABLE_OBJC_ARC = YES;
				CLANG_ENABLE_OBJC_WEAK = YES;
				CLANG_WARN_BLOCK_CAPTURE_AUTORELEASING = YES;
				CLANG_WARN_BOOL_CONVERSION = YES;
				CLANG_WARN_COMMA = YES;
				CLANG_WARN_CONSTANT_CONVERSION = YES;
				CLANG_WARN_DEPRECATED_OBJC_IMPLEMENTATIONS = YES;
				CLANG_WARN_DIRECT_OBJC_ISA_USAGE = YES_ERROR;
				CLANG_WARN_DOCUMENTATION_COMMENTS = YES;
				CLANG_WARN_EMPTY_BODY = YES;
				CLANG_WARN_ENUM_CONVERSION = YES;
				CLANG_WARN_INFINITE_RECURSION = YES;
				CLANG_WARN_INT_CONVERSION = YES;
				CLANG_WARN_NON_LITERAL_NULL_CONVERSION = YES;
				CLANG_WARN_OBJC_IMPLICIT_RETAIN_SELF = YES;
				CLANG_WARN_OBJC_LITERAL_CONVERSION = YES;
				CLANG_WARN_OBJC_ROOT_CLASS = YES_ERROR;
				CLANG_WARN_QUOTED_INCLUDE_IN_FRAMEWORK_HEADER = YES;
				CLANG_WARN_RANGE_LOOP_ANALYSIS = YES;
				CLANG_WARN_STRICT_PROTOTYPES = YES;
				CLANG_WARN_SUSPICIOUS_MOVE = YES;
				CLANG_WARN_UNGUARDED_AVAILABILITY = YES_AGGRESSIVE;
				CLANG_WARN_UNREACHABLE_CODE = YES;
				CLANG_WARN__DUPLICATE_METHOD_MATCH = YES;
				COPY_PHASE_STRIP = NO;
				DEBUG_INFORMATION_FORMAT = dwarf;
				ENABLE_STRICT_OBJC_MSGSEND = YES;
				ENABLE_TESTABILITY = YES;
				GCC_C_LANGUAGE_STANDARD = gnu11;
				GCC_DYNAMIC_NO_PIC = NO;
				GCC_NO_COMMON_BLOCKS = YES;
				GCC_OPTIMIZATION_LEVEL = 0;
				GCC_PREPROCESSOR_DEFINITIONS = (
					"DEBUG=1",
					"$(inherited)",
				);
				GCC_WARN_64_TO_32_BIT_CONVERSION = YES;
				GCC_WARN_ABOUT_RETURN_TYPE = YES_ERROR;
				GCC_WARN_UNDECLARED_SELECTOR = YES;
				GCC_WARN_UNINITIALIZED_AUTOS = YES_AGGRESSIVE;
				GCC_WARN_UNUSED_FUNCTION = YES;
				GCC_WARN_UNUSED_VARIABLE = YES;
				IPHONEOS_DEPLOYMENT_TARGET = 16.2;
				MTL_ENABLE_DEBUG_INFO = INCLUDE_SOURCE;
				MTL_FAST_MATH = YES;
				ONLY_ACTIVE_ARCH = YES;
				SDKROOT = iphoneos;
				SWIFT_ACTIVE_COMPILATION_CONDITIONS = DEBUG;
				SWIFT_OPTIMIZATION_LEVEL = "-Onone";
			};
			name = Debug;
		};
		AA9F4AC42D91234600F4543A /* Release */ = {
			isa = XCBuildConfiguration;
			buildSettings = {
				ALWAYS_SEARCH_USER_PATHS = NO;
				CLANG_ANALYZER_NONNULL = YES;
				CLANG_ANALYZER_NUMBER_OBJECT_CONVERSION = YES_AGGRESSIVE;
				CLANG_CXX_LANGUAGE_STANDARD = "gnu++20";
				CLANG_ENABLE_MODULES = YES;
				CLANG_ENABLE_OBJC_ARC = YES;
				CLANG_ENABLE_OBJC_WEAK = YES;
				CLANG_WARN_BLOCK_CAPTURE_AUTORELEASING = YES;
				CLANG_WARN_BOOL_CONVERSION = YES;
				CLANG_WARN_COMMA = YES;
				CLANG_WARN_CONSTANT_CONVERSION = YES;
				CLANG_WARN_DEPRECATED_OBJC_IMPLEMENTATIONS = YES;
				CLANG_WARN_DIRECT_OBJC_ISA_USAGE = YES_ERROR;
				CLANG_WARN_DOCUMENTATION_COMMENTS = YES;
				CLANG_WARN_EMPTY_BODY = YES;
				CLANG_WARN_ENUM_CONVERSION = YES;
				CLANG_WARN_INFINITE_RECURSION = YES;
				CLANG_WARN_INT_CONVERSION = YES;
				CLANG_WARN_NON_LITERAL_NULL_CONVERSION = YES;
				CLANG_WARN_OBJC_IMPLICIT_RETAIN_SELF = YES;
				CLANG_WARN_OBJC_LITERAL_CONVERSION = YES;
				CLANG_WARN_OBJC_ROOT_CLASS = YES_ERROR;
				CLANG_WARN_QUOTED_INCLUDE_IN_FRAMEWORK_HEADER = YES;
				CLANG_WARN_RANGE_LOOP_ANALYSIS = YES;
				CLANG_WARN_STRICT_PROTOTYPES = YES;
				CLANG_WARN_SUSPICIOUS_MOVE = YES;
				CLANG_WARN_UNGUARDED_AVAILABILITY = YES_AGGRESSIVE;
				CLANG_WARN_UNREACHABLE_CODE = YES;
				CLANG_WARN__DUPLICATE_METHOD_MATCH = YES;
				COPY_PHASE_STRIP = NO;
				DEBUG_INFORMATION_FORMAT = "dwarf-with-dsym";
				ENABLE_NS_ASSERTIONS = NO;
				ENABLE_STRICT_OBJC_MSGSEND = YES;
				GCC_C_LANGUAGE_STANDARD = gnu11;
				GCC_NO_COMMON_BLOCKS = YES;
				GCC_WARN_64_TO_32_BIT_CONVERSION = YES;
				GCC_WARN_ABOUT_RETURN_TYPE = YES_ERROR;
				GCC_WARN_UNDECLARED_SELECTOR = YES;
				GCC_WARN_UNINITIALIZED_AUTOS = YES_AGGRESSIVE;
				GCC_WARN_UNUSED_FUNCTION = YES;
				GCC_WARN_UNUSED_VARIABLE = YES;
				IPHONEOS_DEPLOYMENT_TARGET = 16.2;
				MTL_ENABLE_DEBUG_INFO = NO;
				MTL_FAST_MATH = YES;
				SDKROOT = iphoneos;
				SWIFT_COMPILATION_MODE = wholemodule;
				SWIFT_OPTIMIZATION_LEVEL = "-O";
				VALIDATE_PRODUCT = YES;
			};
			name = Release;
		};
		AA9F4AC62D91234600F4543A /* Debug */ = {
			isa = XCBuildConfiguration;
			buildSettings = {
				ASSETCATALOG_COMPILER_APPICON_NAME = AppIcon;
				ASSETCATALOG_COMPILER_GLOBAL_ACCENT_COLOR_NAME = AccentColor;
				CODE_SIGN_STYLE = Automatic;
				CURRENT_PROJECT_VERSION = 1;
				GENERATE_INFOPLIST_FILE = YES;
				INFOPLIST_FILE = sample/Info.plist;
				INFOPLIST_KEY_UIApplicationSupportsIndirectInputEvents = YES;
				INFOPLIST_KEY_UILaunchStoryboardName = LaunchScreen;
				INFOPLIST_KEY_UIMainStoryboardFile = Main;
				INFOPLIST_KEY_UISupportedInterfaceOrientations_iPad = "UIInterfaceOrientationPortrait UIInterfaceOrientationPortraitUpsideDown UIInterfaceOrientationLandscapeLeft UIInterfaceOrientationLandscapeRight";
				INFOPLIST_KEY_UISupportedInterfaceOrientations_iPhone = "UIInterfaceOrientationPortrait UIInterfaceOrientationLandscapeLeft UIInterfaceOrientationLandscapeRight";
				LD_RUNPATH_SEARCH_PATHS = (
					"$(inherited)",
					"@executable_path/Frameworks",
				);
				MARKETING_VERSION = 1.0;
				PRODUCT_BUNDLE_IDENTIFIER = "FCI-MAC.sample";
				PRODUCT_NAME = "$(TARGET_NAME)";
				SWIFT_EMIT_LOC_STRINGS = YES;
				SWIFT_VERSION = 5.0;
				TARGETED_DEVICE_FAMILY = "1,2";
			};
			name = Debug;
		};
		AA9F4AC72D91234600F4543A /* Release */ = {
			isa = XCBuildConfiguration;
			buildSettings = {
				ASSETCATALOG_COMPILER_APPICON_NAME = AppIcon;
				ASSETCATALOG_COMPILER_GLOBAL_ACCENT_COLOR_NAME = AccentColor;
				CODE_SIGN_STYLE = Automatic;
				CURRENT_PROJECT_VERSION = 1;
				GENERATE_INFOPLIST_FILE = YES;
				INFOPLIST_FILE = sample/Info.plist;
				INFOPLIST_KEY_UIApplicationSupportsIndirectInputEvents = YES;
				INFOPLIST_KEY_UILaunchStoryboardName = LaunchScreen;
				INFOPLIST_KEY_UIMainStoryboardFile = Main;
				INFOPLIST_KEY_UISupportedInterfaceOrientations_iPad = "UIInterfaceOrientationPortrait UIInterfaceOrientationPortraitUpsideDown UIInterfaceOrientationLandscapeLeft UIInterfaceOrientationLandscapeRight";
				INFOPLIST_KEY_UISupportedInterfaceOrientations_iPhone = "UIInterfaceOrientationPortrait UIInterfaceOrientationLandscapeLeft UIInterfaceOrientationLandscapeRight";
				LD_RUNPATH_SEARCH_PATHS = (
					"$(inherited)",
					"@executable_path/Frameworks",
				);
				MARKETING_VERSION = 1.0;
				PRODUCT_BUNDLE_IDENTIFIER = "FCI-MAC.sample";
				PRODUCT_NAME = "$(TARGET_NAME)";
				SWIFT_EMIT_LOC_STRINGS = YES;
				SWIFT_VERSION = 5.0;
				TARGETED_DEVICE_FAMILY = "1,2";
			};
			name = Release;
		};
		AA9F4AC92D91234600F4543A /* Debug */ = {
			isa = XCBuildConfiguration;
			buildSettings = {
				ALWAYS_EMBED_SWIFT_STANDARD_LIBRARIES = YES;
				BUNDLE_LOADER = "$(TEST_HOST)";
				CODE_SIGN_STYLE = Automatic;
				CURRENT_PROJECT_VERSION = 1;
				GENERATE_INFOPLIST_FILE = YES;
				IPHONEOS_DEPLOYMENT_TARGET = 16.2;
				MARKETING_VERSION = 1.0;
				PRODUCT_BUNDLE_IDENTIFIER = "FCI-MAC.sampleTests";
				PRODUCT_NAME = "$(TARGET_NAME)";
				SWIFT_EMIT_LOC_STRINGS = NO;
				SWIFT_VERSION = 5.0;
				TARGETED_DEVICE_FAMILY = "1,2";
				TEST_HOST = "$(BUILT_PRODUCTS_DIR)/sample.app/$(BUNDLE_EXECUTABLE_FOLDER_PATH)/sample";
			};
			name = Debug;
		};
		AA9F4ACA2D91234600F4543A /* Release */ = {
			isa = XCBuildConfiguration;
			buildSettings = {
				ALWAYS_EMBED_SWIFT_STANDARD_LIBRARIES = YES;
				BUNDLE_LOADER = "$(TEST_HOST)";
				CODE_SIGN_STYLE = Automatic;
				CURRENT_PROJECT_VERSION = 1;
				GENERATE_INFOPLIST_FILE = YES;
				IPHONEOS_DEPLOYMENT_TARGET = 16.2;
				MARKETING_VERSION = 1.0;
				PRODUCT_BUNDLE_IDENTIFIER = "FCI-MAC.sampleTests";
				PRODUCT_NAME = "$(TARGET_NAME)";
				SWIFT_EMIT_LOC_STRINGS = NO;
				SWIFT_VERSION = 5.0;
				TARGETED_DEVICE_FAMILY = "1,2";
				TEST_HOST = "$(BUILT_PRODUCTS_DIR)/sample.app/$(BUNDLE_EXECUTABLE_FOLDER_PATH)/sample";
			};
			name = Release;
		};
		AA9F4ACC2D91234600F4543A /* Debug */ = {
			isa = XCBuildConfiguration;
			buildSettings = {
				ALWAYS_EMBED_SWIFT_STANDARD_LIBRARIES = YES;
				CODE_SIGN_STYLE = Automatic;
				CURRENT_PROJECT_VERSION = 1;
				GENERATE_INFOPLIST_FILE = YES;
				MARKETING_VERSION = 1.0;
				PRODUCT_BUNDLE_IDENTIFIER = "FCI-MAC.sampleUITests";
				PRODUCT_NAME = "$(TARGET_NAME)";
				SWIFT_EMIT_LOC_STRINGS = NO;
				SWIFT_VERSION = 5.0;
				TARGETED_DEVICE_FAMILY = "1,2";
				TEST_TARGET_NAME = sample;
			};
			name = Debug;
		};
		AA9F4ACD2D91234600F4543A /* Release */ = {
			isa = XCBuildConfiguration;
			buildSettings = {
				ALWAYS_EMBED_SWIFT_STANDARD_LIBRARIES = YES;
				CODE_SIGN_STYLE = Automatic;
				CURRENT_PROJECT_VERSION = 1;
				GENERATE_INFOPLIST_FILE = YES;
				MARKETING_VERSION = 1.0;
				PRODUCT_BUNDLE_IDENTIFIER = "FCI-MAC.sampleUITests";
				PRODUCT_NAME = "$(TARGET_NAME)";
				SWIFT_EMIT_LOC_STRINGS = NO;
				SWIFT_VERSION = 5.0;
				TARGETED_DEVICE_FAMILY = "1,2";
				TEST_TARGET_NAME = sample;
			};
			name = Release;
		};
/* End XCBuildConfiguration section */

/* Begin XCConfigurationList section */
		AA9F4A962D91234300F4543A /* Build configuration list for PBXProject "sample" */ = {
			isa = XCConfigurationList;
			buildConfigurations = (
				AA9F4AC32D91234600F4543A /* Debug */,
				AA9F4AC42D91234600F4543A /* Release */,
			);
			defaultConfigurationIsVisible = 0;
			defaultConfigurationName = Release;
		};
		AA9F4AC52D91234600F4543A /* Build configuration list for PBXNativeTarget "sample" */ = {
			isa = XCConfigurationList;
			buildConfigurations = (
				AA9F4AC62D91234600F4543A /* Debug */,
				AA9F4AC72D91234600F4543A /* Release */,
			);
			defaultConfigurationIsVisible = 0;
			defaultConfigurationName = Release;
		};
		AA9F4AC82D91234600F4543A /* Build configuration list for PBXNativeTarget "sampleTests" */ = {
			isa = XCConfigurationList;
			buildConfigurations = (
				AA9F4AC92D91234600F4543A /* Debug */,
				AA9F4ACA2D91234600F4543A /* Release */,
			);
			defaultConfigurationIsVisible = 0;
			defaultConfigurationName = Release;
		};
		AA9F4ACB2D91234600F4543A /* Build configuration list for PBXNativeTarget "sampleUITests" */ = {
			isa = XCConfigurationList;
			buildConfigurations = (
				AA9F4ACC2D91234600F4543A /* Debug */,
				AA9F4ACD2D91234600F4543A /* Release */,
			);
			defaultConfigurationIsVisible = 0;
			defaultConfigurationName = Release;
		};
/* End XCConfigurationList section */
	};
	rootObject = AA9F4A932D91234300F4543A /* Project object */;
}
